{
  "originHash" : "25c10156f3e730c124632a66c15b19d3cbeed37684ddf520135b0881ffd8ab81",
  "pins" : [
    {
      "identity" : "ink",
      "kind" : "remoteSourceControl",
      "location" : "https://github.com/johnsundell/ink.git",
      "state" : {
        "revision" : "bcc9f219900a62c4210e6db726035d7f03ae757b",
        "version" : "0.6.0"
      }
    },
    {
      "identity" : "prettier",
      "kind" : "remoteSourceControl",
      "location" : "git@github.com:simonbs/Prettier.git",
      "state" : {
        "revision" : "266dac500bded844a56771bc1fb2abaa60f6e7b6",
        "version" : "0.2.1"
      }
    },
    {
      "identity" : "swift-argument-parser",
      "kind" : "remoteSourceControl",
      "location" : "https://github.com/apple/swift-argument-parser",
      "state" : {
        "revision" : "41982a3656a71c768319979febd796c6fd111d5c",
        "version" : "1.5.0"
      }
    }
  ],
  "version" : 3
}
